// !$*UTF8*$!
{
	archiveVersion = 1;
	classes = {
	};
	objectVersion = 46;
	objects = {

/* Begin PBXBuildFile section */
		2751D9D11CD7B72900983648 /* AppDelegate.swift in Sources */ = {isa = PBXBuildFile; fileRef = 2751D9D01CD7B72900983648 /* AppDelegate.swift */; };
		2751D9D31CD7B72900983648 /* MapViewController.swift in Sources */ = {isa = PBXBuildFile; fileRef = 2751D9D21CD7B72900983648 /* MapViewController.swift */; };
		2751D9D61CD7B72900983648 /* Main.storyboard in Resources */ = {isa = PBXBuildFile; fileRef = 2751D9D41CD7B72900983648 /* Main.storyboard */; };
		2751D9D81CD7B72A00983648 /* Assets.xcassets in Resources */ = {isa = PBXBuildFile; fileRef = 2751D9D71CD7B72A00983648 /* Assets.xcassets */; };
		2751D9DB1CD7B72A00983648 /* LaunchScreen.storyboard in Resources */ = {isa = PBXBuildFile; fileRef = 2751D9D91CD7B72A00983648 /* LaunchScreen.storyboard */; };
		2751D9E61CD7B72A00983648 /* _D_MapsTests.swift in Sources */ = {isa = PBXBuildFile; fileRef = 2751D9E51CD7B72A00983648 /* _D_MapsTests.swift */; };
		2751D9F11CD7B72A00983648 /* _D_MapsUITests.swift in Sources */ = {isa = PBXBuildFile; fileRef = 2751D9F01CD7B72A00983648 /* _D_MapsUITests.swift */; };
		27ED71651CD7B8B90060F96D /* DetailViewController.swift in Sources */ = {isa = PBXBuildFile; fileRef = 2751D9FE1CD7B7A800983648 /* DetailViewController.swift */; };
		27ED71671CD7B95D0060F96D /* Annotation.swift in Sources */ = {isa = PBXBuildFile; fileRef = 27ED71661CD7B95D0060F96D /* Annotation.swift */; };
		27ED71691CD7BA8F0060F96D /* Cupertino.gpx in Resources */ = {isa = PBXBuildFile; fileRef = 27ED71681CD7BA8F0060F96D /* Cupertino.gpx */; };
		27ED716D1CD7C39F0060F96D /* AnnotationResource.swift in Sources */ = {isa = PBXBuildFile; fileRef = 27ED716C1CD7C39F0060F96D /* AnnotationResource.swift */; };
/* End PBXBuildFile section */

/* Begin PBXContainerItemProxy section */
		2751D9E21CD7B72A00983648 /* PBXContainerItemProxy */ = {
			isa = PBXContainerItemProxy;
			containerPortal = 2751D9C51CD7B72900983648 /* Project object */;
			proxyType = 1;
			remoteGlobalIDString = 2751D9CC1CD7B72900983648;
			remoteInfo = "3D Maps";
		};
		2751D9ED1CD7B72A00983648 /* PBXContainerItemProxy */ = {
			isa = PBXContainerItemProxy;
			containerPortal = 2751D9C51CD7B72900983648 /* Project object */;
			proxyType = 1;
			remoteGlobalIDString = 2751D9CC1CD7B72900983648;
			remoteInfo = "3D Maps";
		};
/* End PBXContainerItemProxy section */

/* Begin PBXFileReference section */
		2751D9CD1CD7B72900983648 /* 3D Maps.app */ = {isa = PBXFileReference; explicitFileType = wrapper.application; includeInIndex = 0; path = "3D Maps.app"; sourceTree = BUILT_PRODUCTS_DIR; };
		2751D9D01CD7B72900983648 /* AppDelegate.swift */ = {isa = PBXFileReference; lastKnownFileType = sourcecode.swift; path = AppDelegate.swift; sourceTree = "<group>"; };
		2751D9D21CD7B72900983648 /* MapViewController.swift */ = {isa = PBXFileReference; lastKnownFileType = sourcecode.swift; path = MapViewController.swift; sourceTree = "<group>"; };
		2751D9D51CD7B72900983648 /* Base */ = {isa = PBXFileReference; lastKnownFileType = file.storyboard; name = Base; path = Base.lproj/Main.storyboard; sourceTree = "<group>"; };
		2751D9D71CD7B72A00983648 /* Assets.xcassets */ = {isa = PBXFileReference; lastKnownFileType = folder.assetcatalog; path = Assets.xcassets; sourceTree = "<group>"; };
		2751D9DA1CD7B72A00983648 /* Base */ = {isa = PBXFileReference; lastKnownFileType = file.storyboard; name = Base; path = Base.lproj/LaunchScreen.storyboard; sourceTree = "<group>"; };
		2751D9DC1CD7B72A00983648 /* Info.plist */ = {isa = PBXFileReference; lastKnownFileType = text.plist.xml; path = Info.plist; sourceTree = "<group>"; };
		2751D9E11CD7B72A00983648 /* 3D MapsTests.xctest */ = {isa = PBXFileReference; explicitFileType = wrapper.cfbundle; includeInIndex = 0; path = "3D MapsTests.xctest"; sourceTree = BUILT_PRODUCTS_DIR; };
		2751D9E51CD7B72A00983648 /* _D_MapsTests.swift */ = {isa = PBXFileReference; lastKnownFileType = sourcecode.swift; path = _D_MapsTests.swift; sourceTree = "<group>"; };
		2751D9E71CD7B72A00983648 /* Info.plist */ = {isa = PBXFileReference; lastKnownFileType = text.plist.xml; path = Info.plist; sourceTree = "<group>"; };
		2751D9EC1CD7B72A00983648 /* 3D MapsUITests.xctest */ = {isa = PBXFileReference; explicitFileType = wrapper.cfbundle; includeInIndex = 0; path = "3D MapsUITests.xctest"; sourceTree = BUILT_PRODUCTS_DIR; };
		2751D9F01CD7B72A00983648 /* _D_MapsUITests.swift */ = {isa = PBXFileReference; lastKnownFileType = sourcecode.swift; path = _D_MapsUITests.swift; sourceTree = "<group>"; };
		2751D9F21CD7B72A00983648 /* Info.plist */ = {isa = PBXFileReference; lastKnownFileType = text.plist.xml; path = Info.plist; sourceTree = "<group>"; };
		2751D9FE1CD7B7A800983648 /* DetailViewController.swift */ = {isa = PBXFileReference; fileEncoding = 4; lastKnownFileType = sourcecode.swift; path = DetailViewController.swift; sourceTree = "<group>"; };
		27ED71661CD7B95D0060F96D /* Annotation.swift */ = {isa = PBXFileReference; fileEncoding = 4; lastKnownFileType = sourcecode.swift; path = Annotation.swift; sourceTree = "<group>"; };
		27ED71681CD7BA8F0060F96D /* Cupertino.gpx */ = {isa = PBXFileReference; fileEncoding = 4; lastKnownFileType = text.xml; path = Cupertino.gpx; sourceTree = "<group>"; };
		27ED716C1CD7C39F0060F96D /* AnnotationResource.swift */ = {isa = PBXFileReference; fileEncoding = 4; lastKnownFileType = sourcecode.swift; path = AnnotationResource.swift; sourceTree = "<group>"; };
/* End PBXFileReference section */

/* Begin PBXFrameworksBuildPhase section */
		2751D9CA1CD7B72900983648 /* Frameworks */ = {
			isa = PBXFrameworksBuildPhase;
			buildActionMask = 2147483647;
			files = (
			);
			runOnlyForDeploymentPostprocessing = 0;
		};
		2751D9DE1CD7B72A00983648 /* Frameworks */ = {
			isa = PBXFrameworksBuildPhase;
			buildActionMask = 2147483647;
			files = (
			);
			runOnlyForDeploymentPostprocessing = 0;
		};
		2751D9E91CD7B72A00983648 /* Frameworks */ = {
			isa = PBXFrameworksBuildPhase;
			buildActionMask = 2147483647;
			files = (
			);
			runOnlyForDeploymentPostprocessing = 0;
		};
/* End PBXFrameworksBuildPhase section */

/* Begin PBXGroup section */
		2751D9C41CD7B72900983648 = {
			isa = PBXGroup;
			children = (
				2751D9CF1CD7B72900983648 /* 3D Maps */,
				2751D9E41CD7B72A00983648 /* 3D MapsTests */,
				2751D9EF1CD7B72A00983648 /* 3D MapsUITests */,
				2751D9CE1CD7B72900983648 /* Products */,
			);
			sourceTree = "<group>";
		};
		2751D9CE1CD7B72900983648 /* Products */ = {
			isa = PBXGroup;
			children = (
				2751D9CD1CD7B72900983648 /* 3D Maps.app */,
				2751D9E11CD7B72A00983648 /* 3D MapsTests.xctest */,
				2751D9EC1CD7B72A00983648 /* 3D MapsUITests.xctest */,
			);
			name = Products;
			sourceTree = "<group>";
		};
		2751D9CF1CD7B72900983648 /* 3D Maps */ = {
			isa = PBXGroup;
			children = (
				2751D9D01CD7B72900983648 /* AppDelegate.swift */,
				2751D9D21CD7B72900983648 /* MapViewController.swift */,
				2751D9FE1CD7B7A800983648 /* DetailViewController.swift */,
				27ED716C1CD7C39F0060F96D /* AnnotationResource.swift */,
				27ED71661CD7B95D0060F96D /* Annotation.swift */,
				2751D9D41CD7B72900983648 /* Main.storyboard */,
				2751D9D71CD7B72A00983648 /* Assets.xcassets */,
				2751D9D91CD7B72A00983648 /* LaunchScreen.storyboard */,
				27ED71681CD7BA8F0060F96D /* Cupertino.gpx */,
				2751D9DC1CD7B72A00983648 /* Info.plist */,
			);
			path = "3D Maps";
			sourceTree = "<group>";
		};
		2751D9E41CD7B72A00983648 /* 3D MapsTests */ = {
			isa = PBXGroup;
			children = (
				2751D9E51CD7B72A00983648 /* _D_MapsTests.swift */,
				2751D9E71CD7B72A00983648 /* Info.plist */,
			);
			path = "3D MapsTests";
			sourceTree = "<group>";
		};
		2751D9EF1CD7B72A00983648 /* 3D MapsUITests */ = {
			isa = PBXGroup;
			children = (
				2751D9F01CD7B72A00983648 /* _D_MapsUITests.swift */,
				2751D9F21CD7B72A00983648 /* Info.plist */,
			);
			path = "3D MapsUITests";
			sourceTree = "<group>";
		};
/* End PBXGroup section */

/* Begin PBXNativeTarget section */
		2751D9CC1CD7B72900983648 /* 3D Maps */ = {
			isa = PBXNativeTarget;
			buildConfigurationList = 2751D9F51CD7B72A00983648 /* Build configuration list for PBXNativeTarget "3D Maps" */;
			buildPhases = (
				2751D9C91CD7B72900983648 /* Sources */,
				2751D9CA1CD7B72900983648 /* Frameworks */,
				2751D9CB1CD7B72900983648 /* Resources */,
			);
			buildRules = (
			);
			dependencies = (
			);
			name = "3D Maps";
			productName = "3D Maps";
			productReference = 2751D9CD1CD7B72900983648 /* 3D Maps.app */;
			productType = "com.apple.product-type.application";
		};
		2751D9E01CD7B72A00983648 /* 3D MapsTests */ = {
			isa = PBXNativeTarget;
			buildConfigurationList = 2751D9F81CD7B72A00983648 /* Build configuration list for PBXNativeTarget "3D MapsTests" */;
			buildPhases = (
				2751D9DD1CD7B72A00983648 /* Sources */,
				2751D9DE1CD7B72A00983648 /* Frameworks */,
				2751D9DF1CD7B72A00983648 /* Resources */,
			);
			buildRules = (
			);
			dependencies = (
				2751D9E31CD7B72A00983648 /* PBXTargetDependency */,
			);
			name = "3D MapsTests";
			productName = "3D MapsTests";
			productReference = 2751D9E11CD7B72A00983648 /* 3D MapsTests.xctest */;
			productType = "com.apple.product-type.bundle.unit-test";
		};
		2751D9EB1CD7B72A00983648 /* 3D MapsUITests */ = {
			isa = PBXNativeTarget;
			buildConfigurationList = 2751D9FB1CD7B72A00983648 /* Build configuration list for PBXNativeTarget "3D MapsUITests" */;
			buildPhases = (
				2751D9E81CD7B72A00983648 /* Sources */,
				2751D9E91CD7B72A00983648 /* Frameworks */,
				2751D9EA1CD7B72A00983648 /* Resources */,
			);
			buildRules = (
			);
			dependencies = (
				2751D9EE1CD7B72A00983648 /* PBXTargetDependency */,
			);
			name = "3D MapsUITests";
			productName = "3D MapsUITests";
			productReference = 2751D9EC1CD7B72A00983648 /* 3D MapsUITests.xctest */;
			productType = "com.apple.product-type.bundle.ui-testing";
		};
/* End PBXNativeTarget section */

/* Begin PBXProject section */
		2751D9C51CD7B72900983648 /* Project object */ = {
			isa = PBXProject;
			attributes = {
				LastSwiftUpdateCheck = 0730;
				LastUpgradeCheck = 0820;
				ORGANIZATIONNAME = "Kyle Bashour";
				TargetAttributes = {
					2751D9CC1CD7B72900983648 = {
						CreatedOnToolsVersion = 7.3;
						LastSwiftMigration = 0820;
					};
					2751D9E01CD7B72A00983648 = {
						CreatedOnToolsVersion = 7.3;
						LastSwiftMigration = 0820;
						TestTargetID = 2751D9CC1CD7B72900983648;
					};
					2751D9EB1CD7B72A00983648 = {
						CreatedOnToolsVersion = 7.3;
						LastSwiftMigration = 0820;
						TestTargetID = 2751D9CC1CD7B72900983648;
					};
				};
			};
			buildConfigurationList = 2751D9C81CD7B72900983648 /* Build configuration list for PBXProject "3D Maps" */;
			compatibilityVersion = "Xcode 3.2";
			developmentRegion = English;
			hasScannedForEncodings = 0;
			knownRegions = (
				en,
				Base,
			);
			mainGroup = 2751D9C41CD7B72900983648;
			productRefGroup = 2751D9CE1CD7B72900983648 /* Products */;
			projectDirPath = "";
			projectRoot = "";
			targets = (
				2751D9CC1CD7B72900983648 /* 3D Maps */,
				2751D9E01CD7B72A00983648 /* 3D MapsTests */,
				2751D9EB1CD7B72A00983648 /* 3D MapsUITests */,
			);
		};
/* End PBXProject section */

/* Begin PBXResourcesBuildPhase section */
		2751D9CB1CD7B72900983648 /* Resources */ = {
			isa = PBXResourcesBuildPhase;
			buildActionMask = 2147483647;
			files = (
				2751D9DB1CD7B72A00983648 /* LaunchScreen.storyboard in Resources */,
				2751D9D81CD7B72A00983648 /* Assets.xcassets in Resources */,
				27ED71691CD7BA8F0060F96D /* Cupertino.gpx in Resources */,
				2751D9D61CD7B72900983648 /* Main.storyboard in Resources */,
			);
			runOnlyForDeploymentPostprocessing = 0;
		};
		2751D9DF1CD7B72A00983648 /* Resources */ = {
			isa = PBXResourcesBuildPhase;
			buildActionMask = 2147483647;
			files = (
			);
			runOnlyForDeploymentPostprocessing = 0;
		};
		2751D9EA1CD7B72A00983648 /* Resources */ = {
			isa = PBXResourcesBuildPhase;
			buildActionMask = 2147483647;
			files = (
			);
			runOnlyForDeploymentPostprocessing = 0;
		};
/* End PBXResourcesBuildPhase section */

/* Begin PBXSourcesBuildPhase section */
		2751D9C91CD7B72900983648 /* Sources */ = {
			isa = PBXSourcesBuildPhase;
			buildActionMask = 2147483647;
			files = (
				27ED71651CD7B8B90060F96D /* DetailViewController.swift in Sources */,
				2751D9D31CD7B72900983648 /* MapViewController.swift in Sources */,
				27ED71671CD7B95D0060F96D /* Annotation.swift in Sources */,
				2751D9D11CD7B72900983648 /* AppDelegate.swift in Sources */,
				27ED716D1CD7C39F0060F96D /* AnnotationResource.swift in Sources */,
			);
			runOnlyForDeploymentPostprocessing = 0;
		};
		2751D9DD1CD7B72A00983648 /* Sources */ = {
			isa = PBXSourcesBuildPhase;
			buildActionMask = 2147483647;
			files = (
				2751D9E61CD7B72A00983648 /* _D_MapsTests.swift in Sources */,
			);
			runOnlyForDeploymentPostprocessing = 0;
		};
		2751D9E81CD7B72A00983648 /* Sources */ = {
			isa = PBXSourcesBuildPhase;
			buildActionMask = 2147483647;
			files = (
				2751D9F11CD7B72A00983648 /* _D_MapsUITests.swift in Sources */,
			);
			runOnlyForDeploymentPostprocessing = 0;
		};
/* End PBXSourcesBuildPhase section */

/* Begin PBXTargetDependency section */
		2751D9E31CD7B72A00983648 /* PBXTargetDependency */ = {
			isa = PBXTargetDependency;
			target = 2751D9CC1CD7B72900983648 /* 3D Maps */;
			targetProxy = 2751D9E21CD7B72A00983648 /* PBXContainerItemProxy */;
		};
		2751D9EE1CD7B72A00983648 /* PBXTargetDependency */ = {
			isa = PBXTargetDependency;
			target = 2751D9CC1CD7B72900983648 /* 3D Maps */;
			targetProxy = 2751D9ED1CD7B72A00983648 /* PBXContainerItemProxy */;
		};
/* End PBXTargetDependency section */

/* Begin PBXVariantGroup section */
		2751D9D41CD7B72900983648 /* Main.storyboard */ = {
			isa = PBXVariantGroup;
			children = (
				2751D9D51CD7B72900983648 /* Base */,
			);
			name = Main.storyboard;
			sourceTree = "<group>";
		};
		2751D9D91CD7B72A00983648 /* LaunchScreen.storyboard */ = {
			isa = PBXVariantGroup;
			children = (
				2751D9DA1CD7B72A00983648 /* Base */,
			);
			name = LaunchScreen.storyboard;
			sourceTree = "<group>";
		};
/* End PBXVariantGroup section */

/* Begin XCBuildConfiguration section */
		2751D9F31CD7B72A00983648 /* Debug */ = {
			isa = XCBuildConfiguration;
			buildSettings = {
				ALWAYS_SEARCH_USER_PATHS = NO;
				CLANG_ANALYZER_NONNULL = YES;
				CLANG_CXX_LANGUAGE_STANDARD = "gnu++0x";
				CLANG_CXX_LIBRARY = "libc++";
				CLANG_ENABLE_MODULES = YES;
				CLANG_ENABLE_OBJC_ARC = YES;
				CLANG_WARN_BOOL_CONVERSION = YES;
				CLANG_WARN_CONSTANT_CONVERSION = YES;
				CLANG_WARN_DIRECT_OBJC_ISA_USAGE = YES_ERROR;
				CLANG_WARN_EMPTY_BODY = YES;
				CLANG_WARN_ENUM_CONVERSION = YES;
				CLANG_WARN_INFINITE_RECURSION = YES;
				CLANG_WARN_INT_CONVERSION = YES;
				CLANG_WARN_OBJC_ROOT_CLASS = YES_ERROR;
				CLANG_WARN_SUSPICIOUS_MOVE = YES;
				CLANG_WARN_UNREACHABLE_CODE = YES;
				CLANG_WARN__DUPLICATE_METHOD_MATCH = YES;
				"CODE_SIGN_IDENTITY[sdk=iphoneos*]" = "iPhone Developer";
				COPY_PHASE_STRIP = NO;
				DEBUG_INFORMATION_FORMAT = dwarf;
				ENABLE_STRICT_OBJC_MSGSEND = YES;
				ENABLE_TESTABILITY = YES;
				GCC_C_LANGUAGE_STANDARD = gnu99;
				GCC_DYNAMIC_NO_PIC = NO;
				GCC_NO_COMMON_BLOCKS = YES;
				GCC_OPTIMIZATION_LEVEL = 0;
				GCC_PREPROCESSOR_DEFINITIONS = (
					"DEBUG=1",
					"$(inherited)",
				);
				GCC_WARN_64_TO_32_BIT_CONVERSION = YES;
				GCC_WARN_ABOUT_RETURN_TYPE = YES_ERROR;
				GCC_WARN_UNDECLARED_SELECTOR = YES;
				GCC_WARN_UNINITIALIZED_AUTOS = YES_AGGRESSIVE;
				GCC_WARN_UNUSED_FUNCTION = YES;
				GCC_WARN_UNUSED_VARIABLE = YES;
				IPHONEOS_DEPLOYMENT_TARGET = 9.3;
				MTL_ENABLE_DEBUG_INFO = YES;
				ONLY_ACTIVE_ARCH = YES;
				SDKROOT = iphoneos;
				SWIFT_OPTIMIZATION_LEVEL = "-Onone";
				TARGETED_DEVICE_FAMILY = "1,2";
			};
			name = Debug;
		};
		2751D9F41CD7B72A00983648 /* Release */ = {
			isa = XCBuildConfiguration;
			buildSettings = {
				ALWAYS_SEARCH_USER_PATHS = NO;
				CLANG_ANALYZER_NONNULL = YES;
				CLANG_CXX_LANGUAGE_STANDARD = "gnu++0x";
				CLANG_CXX_LIBRARY = "libc++";
				CLANG_ENABLE_MODULES = YES;
				CLANG_ENABLE_OBJC_ARC = YES;
				CLANG_WARN_BOOL_CONVERSION = YES;
				CLANG_WARN_CONSTANT_CONVERSION = YES;
				CLANG_WARN_DIRECT_OBJC_ISA_USAGE = YES_ERROR;
				CLANG_WARN_EMPTY_BODY = YES;
				CLANG_WARN_ENUM_CONVERSION = YES;
				CLANG_WARN_INFINITE_RECURSION = YES;
				CLANG_WARN_INT_CONVERSION = YES;
				CLANG_WARN_OBJC_ROOT_CLASS = YES_ERROR;
				CLANG_WARN_SUSPICIOUS_MOVE = YES;
				CLANG_WARN_UNREACHABLE_CODE = YES;
				CLANG_WARN__DUPLICATE_METHOD_MATCH = YES;
				"CODE_SIGN_IDENTITY[sdk=iphoneos*]" = "iPhone Developer";
				COPY_PHASE_STRIP = NO;
				DEBUG_INFORMATION_FORMAT = "dwarf-with-dsym";
				ENABLE_NS_ASSERTIONS = NO;
				ENABLE_STRICT_OBJC_MSGSEND = YES;
				GCC_C_LANGUAGE_STANDARD = gnu99;
				GCC_NO_COMMON_BLOCKS = YES;
				GCC_WARN_64_TO_32_BIT_CONVERSION = YES;
				GCC_WARN_ABOUT_RETURN_TYPE = YES_ERROR;
				GCC_WARN_UNDECLARED_SELECTOR = YES;
				GCC_WARN_UNINITIALIZED_AUTOS = YES_AGGRESSIVE;
				GCC_WARN_UNUSED_FUNCTION = YES;
				GCC_WARN_UNUSED_VARIABLE = YES;
				IPHONEOS_DEPLOYMENT_TARGET = 9.3;
				MTL_ENABLE_DEBUG_INFO = NO;
				SDKROOT = iphoneos;
				SWIFT_OPTIMIZATION_LEVEL = "-Owholemodule";
				TARGETED_DEVICE_FAMILY = "1,2";
				VALIDATE_PRODUCT = YES;
			};
			name = Release;
		};
		2751D9F61CD7B72A00983648 /* Debug */ = {
			isa = XCBuildConfiguration;
			buildSettings = {
				ASSETCATALOG_COMPILER_APPICON_NAME = AppIcon;
				INFOPLIST_FILE = "3D Maps/Info.plist";
				LD_RUNPATH_SEARCH_PATHS = "$(inherited) @executable_path/Frameworks";
				PRODUCT_BUNDLE_IDENTIFIER = "com.kylebashour.-D-Maps";
				PRODUCT_NAME = "$(TARGET_NAME)";
				SWIFT_VERSION = 3.0;
			};
			name = Debug;
		};
		2751D9F71CD7B72A00983648 /* Release */ = {
			isa = XCBuildConfiguration;
			buildSettings = {
				ASSETCATALOG_COMPILER_APPICON_NAME = AppIcon;
				INFOPLIST_FILE = "3D Maps/Info.plist";
				LD_RUNPATH_SEARCH_PATHS = "$(inherited) @executable_path/Frameworks";
				PRODUCT_BUNDLE_IDENTIFIER = "com.kylebashour.-D-Maps";
				PRODUCT_NAME = "$(TARGET_NAME)";
				SWIFT_VERSION = 3.0;
			};
			name = Release;
		};
		2751D9F91CD7B72A00983648 /* Debug */ = {
			isa = XCBuildConfiguration;
			buildSettings = {
				BUNDLE_LOADER = "$(TEST_HOST)";
				INFOPLIST_FILE = "3D MapsTests/Info.plist";
				LD_RUNPATH_SEARCH_PATHS = "$(inherited) @executable_path/Frameworks @loader_path/Frameworks";
				PRODUCT_BUNDLE_IDENTIFIER = "com.kylebashour.-D-MapsTests";
				PRODUCT_NAME = "$(TARGET_NAME)";
				SWIFT_VERSION = 3.0;
				TEST_HOST = "$(BUILT_PRODUCTS_DIR)/3D Maps.app/3D Maps";
			};
			name = Debug;
		};
		2751D9FA1CD7B72A00983648 /* Release */ = {
			isa = XCBuildConfiguration;
			buildSettings = {
				BUNDLE_LOADER = "$(TEST_HOST)";
				INFOPLIST_FILE = "3D MapsTests/Info.plist";
				LD_RUNPATH_SEARCH_PATHS = "$(inherited) @executable_path/Frameworks @loader_path/Frameworks";
				PRODUCT_BUNDLE_IDENTIFIER = "com.kylebashour.-D-MapsTests";
				PRODUCT_NAME = "$(TARGET_NAME)";
				SWIFT_VERSION = 3.0;
				TEST_HOST = "$(BUILT_PRODUCTS_DIR)/3D Maps.app/3D Maps";
			};
			name = Release;
		};
		2751D9FC1CD7B72A00983648 /* Debug */ = {
			isa = XCBuildConfiguration;
			buildSettings = {
				INFOPLIST_FILE = "3D MapsUITests/Info.plist";
				LD_RUNPATH_SEARCH_PATHS = "$(inherited) @executable_path/Frameworks @loader_path/Frameworks";
				PRODUCT_BUNDLE_IDENTIFIER = "com.kylebashour.-D-MapsUITests";
				PRODUCT_NAME = "$(TARGET_NAME)";
				SWIFT_VERSION = 3.0;
				TEST_TARGET_NAME = "3D Maps";
			};
			name = Debug;
		};
		2751D9FD1CD7B72A00983648 /* Release */ = {
			isa = XCBuildConfiguration;
			buildSettings = {
				INFOPLIST_FILE = "3D MapsUITests/Info.plist";
				LD_RUNPATH_SEARCH_PATHS = "$(inherited) @executable_path/Frameworks @loader_path/Frameworks";
				PRODUCT_BUNDLE_IDENTIFIER = "com.kylebashour.-D-MapsUITests";
				PRODUCT_NAME = "$(TARGET_NAME)";
				SWIFT_VERSION = 3.0;
				TEST_TARGET_NAME = "3D Maps";
			};
			name = Release;
		};
/* End XCBuildConfiguration section */

/* Begin XCConfigurationList section */
		2751D9C81CD7B72900983648 /* Build configuration list for PBXProject "3D Maps" */ = {
			isa = XCConfigurationList;
			buildConfigurations = (
				2751D9F31CD7B72A00983648 /* Debug */,
				2751D9F41CD7B72A00983648 /* Release */,
			);
			defaultConfigurationIsVisible = 0;
			defaultConfigurationName = Release;
		};
		2751D9F51CD7B72A00983648 /* Build configuration list for PBXNativeTarget "3D Maps" */ = {
			isa = XCConfigurationList;
			buildConfigurations = (
				2751D9F61CD7B72A00983648 /* Debug */,
				2751D9F71CD7B72A00983648 /* Release */,
			);
			defaultConfigurationIsVisible = 0;
			defaultConfigurationName = Release;
		};
		2751D9F81CD7B72A00983648 /* Build configuration list for PBXNativeTarget "3D MapsTests" */ = {
			isa = XCConfigurationList;
			buildConfigurations = (
				2751D9F91CD7B72A00983648 /* Debug */,
				2751D9FA1CD7B72A00983648 /* Release */,
			);
			defaultConfigurationIsVisible = 0;
			defaultConfigurationName = Release;
		};
		2751D9FB1CD7B72A00983648 /* Build configuration list for PBXNativeTarget "3D MapsUITests" */ = {
			isa = XCConfigurationList;
			buildConfigurations = (
				2751D9FC1CD7B72A00983648 /* Debug */,
				2751D9FD1CD7B72A00983648 /* Release */,
			);
			defaultConfigurationIsVisible = 0;
			defaultConfigurationName = Release;
		};
/* End XCConfigurationList section */
	};
	rootObject = 2751D9C51CD7B72900983648 /* Project object */;
}
